
Microsoft Visual Studio Solution File, Format Version 12.00
# Visual Studio 15
VisualStudioVersion = 15.0.27703.2026
MinimumVisualStudioVersion = 10.0.40219.1
Project("{FAE04EC0-301F-11D3-BF4B-00C04F79EFBC}") = "JobLogger", "JobLogger\JobLogger.csproj", "{83816241-0573-4297-8E52-67F7F67B18B3}"
EndProject
Project("{FAE04EC0-301F-11D3-BF4B-00C04F79EFBC}") = "JobLogger.Test", "JobLogger.Test\JobLogger.Test.csproj", "{540B790F-0807-4354-BD76-ACFC73692084}"
EndProject
Global
	GlobalSection(SolutionConfigurationPlatforms) = preSolution
		Debug|Any CPU = Debug|Any CPU
		Release|Any CPU = Release|Any CPU
	EndGlobalSection
	GlobalSection(ProjectConfigurationPlatforms) = postSolution
		{83816241-0573-4297-8E52-67F7F67B18B3}.Debug|Any CPU.ActiveCfg = Debug|Any CPU
		{83816241-0573-4297-8E52-67F7F67B18B3}.Debug|Any CPU.Build.0 = Debug|Any CPU
		{83816241-0573-4297-8E52-67F7F67B18B3}.Release|Any CPU.ActiveCfg = Release|Any CPU
		{83816241-0573-4297-8E52-67F7F67B18B3}.Release|Any CPU.Build.0 = Release|Any CPU
		{540B790F-0807-4354-BD76-ACFC73692084}.Debug|Any CPU.ActiveCfg = Debug|Any CPU
		{540B790F-0807-4354-BD76-ACFC73692084}.Debug|Any CPU.Build.0 = Debug|Any CPU
		{540B790F-0807-4354-BD76-ACFC73692084}.Release|Any CPU.ActiveCfg = Release|Any CPU
		{540B790F-0807-4354-BD76-ACFC73692084}.Release|Any CPU.Build.0 = Release|Any CPU
	EndGlobalSection
	GlobalSection(SolutionProperties) = preSolution
		HideSolutionNode = FALSE
	EndGlobalSection
	GlobalSection(ExtensibilityGlobals) = postSolution
		SolutionGuid = {523F75AE-9610-4B26-AAC6-07884DAAC31F}
	EndGlobalSection
EndGlobal
